
Microsoft Visual Studio Solution File, Format Version 12.00
# Visual Studio 15
Project("{FAE04EC0-301F-11D3-BF4B-00C04F79EFBC}") = "bamlab.micromissiles", "bamlab.micromissiles.csproj", "{52E50D9C-E2E8-D348-55A6-87CA74C2E419}"
EndProject
Project("{FAE04EC0-301F-11D3-BF4B-00C04F79EFBC}") = "bamlab.test.editmode", "bamlab.test.editmode.csproj", "{DB2945EE-43C0-001C-BF08-A3B415D10199}"
EndProject
Project("{FAE04EC0-301F-11D3-BF4B-00C04F79EFBC}") = "bamlab.test.playmode", "bamlab.test.playmode.csproj", "{91EC45C1-C52C-BCE5-646C-09D48807CE26}"
EndProject
Project("{FAE04EC0-301F-11D3-BF4B-00C04F79EFBC}") = "Assembly-CSharp", "Assembly-CSharp.csproj", "{EE7D98FB-38B4-984C-DBC9-C895DAFD6A77}"
EndProject
Project("{FAE04EC0-301F-11D3-BF4B-00C04F79EFBC}") = "Assembly-CSharp-Editor", "Assembly-CSharp-Editor.csproj", "{8D35CFD1-5187-D30F-11EC-5E4FD93C02B9}"
EndProject
Project("{FAE04EC0-301F-11D3-BF4B-00C04F79EFBC}") = "bamlab.test", "bamlab.test.csproj", "{034D10E4-D857-29C3-3A77-9028E707AB1B}"
EndProject
Global
	GlobalSection(SolutionConfigurationPlatforms) = preSolution
		Debug|Any CPU = Debug|Any CPU
		Release|Any CPU = Release|Any CPU
	EndGlobalSection
	GlobalSection(ProjectConfigurationPlatforms) = postSolution
		{52E50D9C-E2E8-D348-55A6-87CA74C2E419}.Debug|Any CPU.ActiveCfg = Debug|Any CPU
		{52E50D9C-E2E8-D348-55A6-87CA74C2E419}.Debug|Any CPU.Build.0 = Debug|Any CPU
		{52E50D9C-E2E8-D348-55A6-87CA74C2E419}.Release|Any CPU.ActiveCfg = Release|Any CPU
		{52E50D9C-E2E8-D348-55A6-87CA74C2E419}.Release|Any CPU.Build.0 = Release|Any CPU
		{DB2945EE-43C0-001C-BF08-A3B415D10199}.Debug|Any CPU.ActiveCfg = Debug|Any CPU
		{DB2945EE-43C0-001C-BF08-A3B415D10199}.Debug|Any CPU.Build.0 = Debug|Any CPU
		{DB2945EE-43C0-001C-BF08-A3B415D10199}.Release|Any CPU.ActiveCfg = Release|Any CPU
		{DB2945EE-43C0-001C-BF08-A3B415D10199}.Release|Any CPU.Build.0 = Release|Any CPU
		{91EC45C1-C52C-BCE5-646C-09D48807CE26}.Debug|Any CPU.ActiveCfg = Debug|Any CPU
		{91EC45C1-C52C-BCE5-646C-09D48807CE26}.Debug|Any CPU.Build.0 = Debug|Any CPU
		{91EC45C1-C52C-BCE5-646C-09D48807CE26}.Release|Any CPU.ActiveCfg = Release|Any CPU
		{91EC45C1-C52C-BCE5-646C-09D48807CE26}.Release|Any CPU.Build.0 = Release|Any CPU
		{EE7D98FB-38B4-984C-DBC9-C895DAFD6A77}.Debug|Any CPU.ActiveCfg = Debug|Any CPU
		{EE7D98FB-38B4-984C-DBC9-C895DAFD6A77}.Debug|Any CPU.Build.0 = Debug|Any CPU
		{EE7D98FB-38B4-984C-DBC9-C895DAFD6A77}.Release|Any CPU.ActiveCfg = Release|Any CPU
		{EE7D98FB-38B4-984C-DBC9-C895DAFD6A77}.Release|Any CPU.Build.0 = Release|Any CPU
		{8D35CFD1-5187-D30F-11EC-5E4FD93C02B9}.Debug|Any CPU.ActiveCfg = Debug|Any CPU
		{8D35CFD1-5187-D30F-11EC-5E4FD93C02B9}.Debug|Any CPU.Build.0 = Debug|Any CPU
		{8D35CFD1-5187-D30F-11EC-5E4FD93C02B9}.Release|Any CPU.ActiveCfg = Release|Any CPU
		{8D35CFD1-5187-D30F-11EC-5E4FD93C02B9}.Release|Any CPU.Build.0 = Release|Any CPU
		{034D10E4-D857-29C3-3A77-9028E707AB1B}.Debug|Any CPU.ActiveCfg = Debug|Any CPU
		{034D10E4-D857-29C3-3A77-9028E707AB1B}.Debug|Any CPU.Build.0 = Debug|Any CPU
		{034D10E4-D857-29C3-3A77-9028E707AB1B}.Release|Any CPU.ActiveCfg = Release|Any CPU
		{034D10E4-D857-29C3-3A77-9028E707AB1B}.Release|Any CPU.Build.0 = Release|Any CPU
	EndGlobalSection
	GlobalSection(SolutionProperties) = preSolution
		HideSolutionNode = FALSE
	EndGlobalSection
EndGlobal
